
Microsoft Visual Studio Solution File, Format Version 12.00
# Visual Studio 15
VisualStudioVersion = 15.0.28010.2026
MinimumVisualStudioVersion = 10.0.40219.1
Project("{FAE04EC0-301F-11D3-BF4B-00C04F79EFBC}") = "ConsoleApp1", "ConsoleApp1\ConsoleApp1.csproj", "{5EC63EFA-C0B1-4619-917B-6282D5F787E5}"
EndProject
Global
	GlobalSection(SolutionConfigurationPlatforms) = preSolution
		Debug|Any CPU = Debug|Any CPU
		Release|Any CPU = Release|Any CPU
	EndGlobalSection
	GlobalSection(ProjectConfigurationPlatforms) = postSolution
		{5EC63EFA-C0B1-4619-917B-6282D5F787E5}.Debug|Any CPU.ActiveCfg = Debug|Any CPU
		{5EC63EFA-C0B1-4619-917B-6282D5F787E5}.Debug|Any CPU.Build.0 = Debug|Any CPU
		{5EC63EFA-C0B1-4619-917B-6282D5F787E5}.Release|Any CPU.ActiveCfg = Release|Any CPU
		{5EC63EFA-C0B1-4619-917B-6282D5F787E5}.Release|Any CPU.Build.0 = Release|Any CPU
	EndGlobalSection
	GlobalSection(SolutionProperties) = preSolution
		HideSolutionNode = FALSE
	EndGlobalSection
	GlobalSection(ExtensibilityGlobals) = postSolution
		SolutionGuid = {AEAA13EE-195B-48FF-8E28-E8B92A305738}
	EndGlobalSection
EndGlobal
